
Microsoft Visual Studio Solution File, Format Version 12.00
# Visual Studio Version 17
VisualStudioVersion = 17.2.32630.192
MinimumVisualStudioVersion = 10.0.40219.1
Project("{FAE04EC0-301F-11D3-BF4B-00C04F79EFBC}") = "DarkCore", "DarkCore\DarkCore.csproj", "{D353D7DE-C8A4-49F2-8887-5514BF0E946C}"
EndProject
Global
	GlobalSection(SolutionConfigurationPlatforms) = preSolution
		Debug|Any CPU = Debug|Any CPU
		Release|Any CPU = Release|Any CPU
	EndGlobalSection
	GlobalSection(ProjectConfigurationPlatforms) = postSolution
		{D353D7DE-C8A4-49F2-8887-5514BF0E946C}.Debug|Any CPU.ActiveCfg = Debug|Any CPU
		{D353D7DE-C8A4-49F2-8887-5514BF0E946C}.Debug|Any CPU.Build.0 = Debug|Any CPU
		{D353D7DE-C8A4-49F2-8887-5514BF0E946C}.Release|Any CPU.ActiveCfg = Release|Any CPU
		{D353D7DE-C8A4-49F2-8887-5514BF0E946C}.Release|Any CPU.Build.0 = Release|Any CPU
	EndGlobalSection
	GlobalSection(SolutionProperties) = preSolution
		HideSolutionNode = FALSE
	EndGlobalSection
	GlobalSection(ExtensibilityGlobals) = postSolution
		SolutionGuid = {BF005241-7597-46AD-850E-BC8864B5E4FC}
	EndGlobalSection
EndGlobal
